
Microsoft Visual Studio Solution File, Format Version 12.00
# Visual Studio Version 17
VisualStudioVersion = 17.7.34024.191
MinimumVisualStudioVersion = 10.0.40219.1
Project("{FAE04EC0-301F-11D3-BF4B-00C04F79EFBC}") = "bookmymovies-api", "bookmymovies-api\bookmymovies-api.csproj", "{F866625F-2B09-4F29-9EA9-6FD80F4DA99D}"
EndProject
Global
	GlobalSection(SolutionConfigurationPlatforms) = preSolution
		Debug|Any CPU = Debug|Any CPU
		Release|Any CPU = Release|Any CPU
	EndGlobalSection
	GlobalSection(ProjectConfigurationPlatforms) = postSolution
		{F866625F-2B09-4F29-9EA9-6FD80F4DA99D}.Debug|Any CPU.ActiveCfg = Debug|Any CPU
		{F866625F-2B09-4F29-9EA9-6FD80F4DA99D}.Debug|Any CPU.Build.0 = Debug|Any CPU
		{F866625F-2B09-4F29-9EA9-6FD80F4DA99D}.Release|Any CPU.ActiveCfg = Release|Any CPU
		{F866625F-2B09-4F29-9EA9-6FD80F4DA99D}.Release|Any CPU.Build.0 = Release|Any CPU
	EndGlobalSection
	GlobalSection(SolutionProperties) = preSolution
		HideSolutionNode = FALSE
	EndGlobalSection
	GlobalSection(ExtensibilityGlobals) = postSolution
		SolutionGuid = {F0C95E38-C949-4606-97EC-B30365658DAA}
	EndGlobalSection
EndGlobal
